
Microsoft Visual Studio Solution File, Format Version 12.00
# Visual Studio Version 17
VisualStudioVersion = 17.5.33414.496
MinimumVisualStudioVersion = 10.0.40219.1
Project("{FAE04EC0-301F-11D3-BF4B-00C04F79EFBC}") = "App", "App\App.csproj", "{ED2D67C0-4B38-4532-8263-2E1034FF02A7}"
EndProject
Global
	GlobalSection(SolutionConfigurationPlatforms) = preSolution
		Debug|Any CPU = Debug|Any CPU
		Release|Any CPU = Release|Any CPU
	EndGlobalSection
	GlobalSection(ProjectConfigurationPlatforms) = postSolution
		{ED2D67C0-4B38-4532-8263-2E1034FF02A7}.Debug|Any CPU.ActiveCfg = Debug|Any CPU
		{ED2D67C0-4B38-4532-8263-2E1034FF02A7}.Debug|Any CPU.Build.0 = Debug|Any CPU
		{ED2D67C0-4B38-4532-8263-2E1034FF02A7}.Release|Any CPU.ActiveCfg = Release|Any CPU
		{ED2D67C0-4B38-4532-8263-2E1034FF02A7}.Release|Any CPU.Build.0 = Release|Any CPU
	EndGlobalSection
	GlobalSection(SolutionProperties) = preSolution
		HideSolutionNode = FALSE
	EndGlobalSection
	GlobalSection(ExtensibilityGlobals) = postSolution
		SolutionGuid = {3A0BA52F-B705-4F28-BEE3-59D4020C3D53}
	EndGlobalSection
EndGlobal
